{
  "lockfile_version": "1",
  "packages": {
    "nodePackages.prettier@latest": {
      "last_modified": "2025-01-19T08:16:51Z",
      "resolved": "github:NixOS/nixpkgs/50165c4f7eb48ce82bd063e1fb8047a0f515f8ce#nodePackages.prettier",
      "source": "devbox-search",
      "version": "3.3.3",
      "systems": {
        "aarch64-darwin": {
          "outputs": [
            {
              "name": "out",
              "path": "/nix/store/7018mdjp14qr7vf66jwdxvxaxjvl48hn-prettier-3.3.3",
              "default": true
            }
          ],
          "store_path": "/nix/store/7018mdjp14qr7vf66jwdxvxaxjvl48hn-prettier-3.3.3"
        },
        "aarch64-linux": {
          "outputs": [
            {
              "name": "out",
              "path": "/nix/store/pysxyhskhjjsxiac0ha8zi08p2814rpi-prettier-3.3.3",
              "default": true
            }
          ],
          "store_path": "/nix/store/pysxyhskhjjsxiac0ha8zi08p2814rpi-prettier-3.3.3"
        },
        "x86_64-darwin": {
          "outputs": [
            {
              "name": "out",
              "path": "/nix/store/79qbg2kgcvji7k8whvw9k29cc84wvj3w-prettier-3.3.3",
              "default": true
            }
          ],
          "store_path": "/nix/store/79qbg2kgcvji7k8whvw9k29cc84wvj3w-prettier-3.3.3"
        },
        "x86_64-linux": {
          "outputs": [
            {
              "name": "out",
              "path": "/nix/store/rrmdwy79qyc61lxmrggvrpmdmrq3zym7-prettier-3.3.3",
              "default": true
            }
          ],
          "store_path": "/nix/store/rrmdwy79qyc61lxmrggvrpmdmrq3zym7-prettier-3.3.3"
        }
      }
    },
    "shellcheck@latest": {
      "last_modified": "2025-01-19T08:16:51Z",
      "resolved": "github:NixOS/nixpkgs/50165c4f7eb48ce82bd063e1fb8047a0f515f8ce#shellcheck",
      "source": "devbox-search",
      "version": "0.10.0",
      "systems": {
        "aarch64-darwin": {
          "outputs": [
            {
              "name": "bin",
              "path": "/nix/store/3dxs66z95mafvn1dsqhg4f0zlz8b4cqv-shellcheck-0.10.0-bin",
              "default": true
            },
            {
              "name": "man",
              "path": "/nix/store/jvv73bnrkjyq2c615i0ck9svl6pf0k2g-shellcheck-0.10.0-man",
              "default": true
            },
            {
              "name": "doc",
              "path": "/nix/store/y1jpdlkaxxsgj6xikq1zlw81mdn3la43-shellcheck-0.10.0-doc",
              "default": true
            },
            {
              "name": "out",
              "path": "/nix/store/9gd0zysiiq4m4mxxvnxr73ic2h99a7a1-shellcheck-0.10.0"
            }
          ],
          "store_path": "/nix/store/3dxs66z95mafvn1dsqhg4f0zlz8b4cqv-shellcheck-0.10.0-bin"
        },
        "aarch64-linux": {
          "outputs": [
            {
              "name": "bin",
              "path": "/nix/store/pp14gcfz5kgzlmxkjyb0s3dxb7kkz3ip-shellcheck-0.10.0-bin",
              "default": true
            },
            {
              "name": "man",
              "path": "/nix/store/md7b3jwq12xir40q745ym8jygsayybc0-shellcheck-0.10.0-man",
              "default": true
            },
            {
              "name": "doc",
              "path": "/nix/store/5m7p5y631k6972i7caii9y6pkvqp6rmx-shellcheck-0.10.0-doc",
              "default": true
            },
            {
              "name": "out",
              "path": "/nix/store/ggfpagl406bgsyqdq44x15mz1y50rbfz-shellcheck-0.10.0"
            }
          ],
          "store_path": "/nix/store/pp14gcfz5kgzlmxkjyb0s3dxb7kkz3ip-shellcheck-0.10.0-bin"
        },
        "x86_64-darwin": {
          "outputs": [
            {
              "name": "bin",
              "path": "/nix/store/2wfg86v5m65843ac5ndxh49lkgz0ra62-shellcheck-0.10.0-bin",
              "default": true
            },
            {
              "name": "man",
              "path": "/nix/store/j0ac5q3f8amcjlv7mpnarpc489kcmwch-shellcheck-0.10.0-man",
              "default": true
            },
            {
              "name": "doc",
              "path": "/nix/store/169a6625l5jwkkm4kmdsn9jwh7g6r5xi-shellcheck-0.10.0-doc",
              "default": true
            },
            {
              "name": "out",
              "path": "/nix/store/qvwdimh65m17vim2pyasv35vnxa4xngp-shellcheck-0.10.0"
            }
          ],
          "store_path": "/nix/store/2wfg86v5m65843ac5ndxh49lkgz0ra62-shellcheck-0.10.0-bin"
        },
        "x86_64-linux": {
          "outputs": [
            {
              "name": "bin",
              "path": "/nix/store/d578igb56crc28zrx914mqxbc88djhk5-shellcheck-0.10.0-bin",
              "default": true
            },
            {
              "name": "man",
              "path": "/nix/store/dz7qklqp1cbjpjcnghwd347z9fc5wmyz-shellcheck-0.10.0-man",
              "default": true
            },
            {
              "name": "doc",
              "path": "/nix/store/qsis93k3w3aa092v94jk0d7sykfch2li-shellcheck-0.10.0-doc",
              "default": true
            },
            {
              "name": "out",
              "path": "/nix/store/izcpyz4chn72321vxi0g4m2cfk8a4m28-shellcheck-0.10.0"
            }
          ],
          "store_path": "/nix/store/d578igb56crc28zrx914mqxbc88djhk5-shellcheck-0.10.0-bin"
        }
      }
    }
  }
}
